SITE
  remote: https://supermarket.getchef.com/api/v1
  specs:
    apache2 (2.0.0)
      iptables (>= 0.0.0)
      logrotate (>= 0.0.0)
      pacman (>= 0.0.0)
    application (4.1.4)
    application_ruby (3.0.2)
      apache2 (>= 0.0.0)
      application (~> 4.0)
      logrotate (~> 1.0)
      passenger_apache2 (>= 0.0.0)
      runit (~> 1.0)
      unicorn (>= 0.0.0)
    apt (2.5.3)
    build-essential (2.0.6)
    iptables (0.14.0)
    logrotate (1.6.0)
    pacman (1.1.1)
    partial_search (1.0.8)
    passenger_apache2 (2.2.2)
      apache2 (>= 1.0.4)
      build-essential (>= 0.0.0)
    ruby_build (0.8.0)
    runit (1.5.10)
      build-essential (>= 0.0.0)
      yum (~> 3.0)
      yum-epel (>= 0.0.0)
    ssh_known_hosts (1.3.2)
      partial_search (>= 0.0.0)
    unicorn (2.0.0)
    user (0.3.0)
    yum (3.2.4)
    yum-epel (0.4.0)
      yum (~> 3.0)

DEPENDENCIES
  application_ruby (>= 0)
  apt (>= 0)
  ruby_build (>= 0)
  ssh_known_hosts (>= 0)
  user (>= 0)

